
Microsoft Visual Studio Solution File, Format Version 12.00
# Visual Studio Version 17
VisualStudioVersion = 17.7.34221.43
MinimumVisualStudioVersion = 10.0.40219.1
Project("{9A19103F-16F7-4668-BE54-9A1E7A4F7556}") = "LeasingCompanyProject", "LeasingCompanyProject.csproj", "{164D02F9-6083-4703-96EB-4562D5BE1B10}"
EndProject
Global
	GlobalSection(SolutionConfigurationPlatforms) = preSolution
		Debug|Any CPU = Debug|Any CPU
		Release|Any CPU = Release|Any CPU
	EndGlobalSection
	GlobalSection(ProjectConfigurationPlatforms) = postSolution
		{164D02F9-6083-4703-96EB-4562D5BE1B10}.Debug|Any CPU.ActiveCfg = Debug|Any CPU
		{164D02F9-6083-4703-96EB-4562D5BE1B10}.Debug|Any CPU.Build.0 = Debug|Any CPU
		{164D02F9-6083-4703-96EB-4562D5BE1B10}.Release|Any CPU.ActiveCfg = Release|Any CPU
		{164D02F9-6083-4703-96EB-4562D5BE1B10}.Release|Any CPU.Build.0 = Release|Any CPU
	EndGlobalSection
	GlobalSection(SolutionProperties) = preSolution
		HideSolutionNode = FALSE
	EndGlobalSection
	GlobalSection(ExtensibilityGlobals) = postSolution
		SolutionGuid = {FFB1DD1F-0D77-4084-BD27-9F17EE42B9C8}
	EndGlobalSection
EndGlobal
